// !$*UTF8*$!
{
	archiveVersion = 1;
	classes = {
	};
	objectVersion = 46;
	objects = {

/* Begin PBXBuildFile section */
		449E92441E66412D00C3541A /* DetailItem+CoreDataProperties.swift in Sources */ = {isa = PBXBuildFile; fileRef = 449E92431E66412D00C3541A /* DetailItem+CoreDataProperties.swift */; };
		449E92461E66418000C3541A /* DetailItem.swift in Sources */ = {isa = PBXBuildFile; fileRef = 449E92451E66418000C3541A /* DetailItem.swift */; };
		449E92481E6641BE00C3541A /* DetailItemViewController.swift in Sources */ = {isa = PBXBuildFile; fileRef = 449E92471E6641BE00C3541A /* DetailItemViewController.swift */; };
		44E45F3B1E630D8A00DF0FA7 /* AppDelegate.swift in Sources */ = {isa = PBXBuildFile; fileRef = 44E45F3A1E630D8A00DF0FA7 /* AppDelegate.swift */; };
		44E45F401E630D8A00DF0FA7 /* Main.storyboard in Resources */ = {isa = PBXBuildFile; fileRef = 44E45F3E1E630D8A00DF0FA7 /* Main.storyboard */; };
		44E45F431E630D8B00DF0FA7 /* TodoList.xcdatamodeld in Sources */ = {isa = PBXBuildFile; fileRef = 44E45F411E630D8A00DF0FA7 /* TodoList.xcdatamodeld */; };
		44E45F451E630D8B00DF0FA7 /* Assets.xcassets in Resources */ = {isa = PBXBuildFile; fileRef = 44E45F441E630D8B00DF0FA7 /* Assets.xcassets */; };
		44E45F481E630D8B00DF0FA7 /* LaunchScreen.storyboard in Resources */ = {isa = PBXBuildFile; fileRef = 44E45F461E630D8B00DF0FA7 /* LaunchScreen.storyboard */; };
		44E45F501E630E6800DF0FA7 /* TodoListTableViewController.swift in Sources */ = {isa = PBXBuildFile; fileRef = 44E45F4F1E630E6800DF0FA7 /* TodoListTableViewController.swift */; };
		44E45F5A1E63101300DF0FA7 /* ItemViewController.swift in Sources */ = {isa = PBXBuildFile; fileRef = 44E45F591E63101300DF0FA7 /* ItemViewController.swift */; };
		44E45F5F1E631C5300DF0FA7 /* Item+CoreDataClass.swift in Sources */ = {isa = PBXBuildFile; fileRef = 44E45F5D1E631C5300DF0FA7 /* Item+CoreDataClass.swift */; };
		44E45F601E631C5300DF0FA7 /* Item+CoreDataProperties.swift in Sources */ = {isa = PBXBuildFile; fileRef = 44E45F5E1E631C5300DF0FA7 /* Item+CoreDataProperties.swift */; };
		44E45F621E63DDE800DF0FA7 /* CoreDataStack.swift in Sources */ = {isa = PBXBuildFile; fileRef = 44E45F611E63DDE800DF0FA7 /* CoreDataStack.swift */; };
/* End PBXBuildFile section */

/* Begin PBXFileReference section */
		449E92431E66412D00C3541A /* DetailItem+CoreDataProperties.swift */ = {isa = PBXFileReference; fileEncoding = 4; lastKnownFileType = sourcecode.swift; path = "DetailItem+CoreDataProperties.swift"; sourceTree = "<group>"; };
		449E92451E66418000C3541A /* DetailItem.swift */ = {isa = PBXFileReference; fileEncoding = 4; lastKnownFileType = sourcecode.swift; path = DetailItem.swift; sourceTree = "<group>"; };
		449E92471E6641BE00C3541A /* DetailItemViewController.swift */ = {isa = PBXFileReference; fileEncoding = 4; lastKnownFileType = sourcecode.swift; name = DetailItemViewController.swift; path = ../DetailItemViewController.swift; sourceTree = "<group>"; };
		44E45F371E630D8A00DF0FA7 /* TodoList.app */ = {isa = PBXFileReference; explicitFileType = wrapper.application; includeInIndex = 0; path = TodoList.app; sourceTree = BUILT_PRODUCTS_DIR; };
		44E45F3A1E630D8A00DF0FA7 /* AppDelegate.swift */ = {isa = PBXFileReference; lastKnownFileType = sourcecode.swift; path = AppDelegate.swift; sourceTree = "<group>"; };
		44E45F3F1E630D8A00DF0FA7 /* Base */ = {isa = PBXFileReference; lastKnownFileType = file.storyboard; name = Base; path = Base.lproj/Main.storyboard; sourceTree = "<group>"; };
		44E45F421E630D8A00DF0FA7 /* TodoList.xcdatamodel */ = {isa = PBXFileReference; lastKnownFileType = wrapper.xcdatamodel; path = TodoList.xcdatamodel; sourceTree = "<group>"; };
		44E45F441E630D8B00DF0FA7 /* Assets.xcassets */ = {isa = PBXFileReference; lastKnownFileType = folder.assetcatalog; path = Assets.xcassets; sourceTree = "<group>"; };
		44E45F471E630D8B00DF0FA7 /* Base */ = {isa = PBXFileReference; lastKnownFileType = file.storyboard; name = Base; path = Base.lproj/LaunchScreen.storyboard; sourceTree = "<group>"; };
		44E45F491E630D8B00DF0FA7 /* Info.plist */ = {isa = PBXFileReference; lastKnownFileType = text.plist.xml; path = Info.plist; sourceTree = "<group>"; };
		44E45F4F1E630E6800DF0FA7 /* TodoListTableViewController.swift */ = {isa = PBXFileReference; fileEncoding = 4; lastKnownFileType = sourcecode.swift; path = TodoListTableViewController.swift; sourceTree = "<group>"; };
		44E45F591E63101300DF0FA7 /* ItemViewController.swift */ = {isa = PBXFileReference; fileEncoding = 4; lastKnownFileType = sourcecode.swift; path = ItemViewController.swift; sourceTree = "<group>"; };
		44E45F5D1E631C5300DF0FA7 /* Item+CoreDataClass.swift */ = {isa = PBXFileReference; fileEncoding = 4; lastKnownFileType = sourcecode.swift; path = "Item+CoreDataClass.swift"; sourceTree = "<group>"; };
		44E45F5E1E631C5300DF0FA7 /* Item+CoreDataProperties.swift */ = {isa = PBXFileReference; fileEncoding = 4; lastKnownFileType = sourcecode.swift; path = "Item+CoreDataProperties.swift"; sourceTree = "<group>"; };
		44E45F611E63DDE800DF0FA7 /* CoreDataStack.swift */ = {isa = PBXFileReference; fileEncoding = 4; lastKnownFileType = sourcecode.swift; path = CoreDataStack.swift; sourceTree = "<group>"; };
/* End PBXFileReference section */

/* Begin PBXFrameworksBuildPhase section */
		44E45F341E630D8A00DF0FA7 /* Frameworks */ = {
			isa = PBXFrameworksBuildPhase;
			buildActionMask = 2147483647;
			files = (
			);
			runOnlyForDeploymentPostprocessing = 0;
		};
/* End PBXFrameworksBuildPhase section */

/* Begin PBXGroup section */
		44E45F2E1E630D8A00DF0FA7 = {
			isa = PBXGroup;
			children = (
				449E92431E66412D00C3541A /* DetailItem+CoreDataProperties.swift */,
				449E92451E66418000C3541A /* DetailItem.swift */,
				44E45F5D1E631C5300DF0FA7 /* Item+CoreDataClass.swift */,
				44E45F5E1E631C5300DF0FA7 /* Item+CoreDataProperties.swift */,
				44E45F391E630D8A00DF0FA7 /* TodoList */,
				44E45F381E630D8A00DF0FA7 /* Products */,
			);
			sourceTree = "<group>";
		};
		44E45F381E630D8A00DF0FA7 /* Products */ = {
			isa = PBXGroup;
			children = (
				44E45F371E630D8A00DF0FA7 /* TodoList.app */,
			);
			name = Products;
			sourceTree = "<group>";
		};
		44E45F391E630D8A00DF0FA7 /* TodoList */ = {
			isa = PBXGroup;
			children = (
				44E45F3A1E630D8A00DF0FA7 /* AppDelegate.swift */,
				449E92471E6641BE00C3541A /* DetailItemViewController.swift */,
				44E45F3E1E630D8A00DF0FA7 /* Main.storyboard */,
				44E45F591E63101300DF0FA7 /* ItemViewController.swift */,
				44E45F4F1E630E6800DF0FA7 /* TodoListTableViewController.swift */,
				44E45F611E63DDE800DF0FA7 /* CoreDataStack.swift */,
				44E45F441E630D8B00DF0FA7 /* Assets.xcassets */,
				44E45F461E630D8B00DF0FA7 /* LaunchScreen.storyboard */,
				44E45F491E630D8B00DF0FA7 /* Info.plist */,
				44E45F411E630D8A00DF0FA7 /* TodoList.xcdatamodeld */,
			);
			path = TodoList;
			sourceTree = "<group>";
		};
/* End PBXGroup section */

/* Begin PBXNativeTarget section */
		44E45F361E630D8A00DF0FA7 /* TodoList */ = {
			isa = PBXNativeTarget;
			buildConfigurationList = 44E45F4C1E630D8B00DF0FA7 /* Build configuration list for PBXNativeTarget "TodoList" */;
			buildPhases = (
				44E45F331E630D8A00DF0FA7 /* Sources */,
				44E45F341E630D8A00DF0FA7 /* Frameworks */,
				44E45F351E630D8A00DF0FA7 /* Resources */,
			);
			buildRules = (
			);
			dependencies = (
			);
			name = TodoList;
			productName = TodoList;
			productReference = 44E45F371E630D8A00DF0FA7 /* TodoList.app */;
			productType = "com.apple.product-type.application";
		};
/* End PBXNativeTarget section */

/* Begin PBXProject section */
		44E45F2F1E630D8A00DF0FA7 /* Project object */ = {
			isa = PBXProject;
			attributes = {
				LastSwiftUpdateCheck = 0820;
				LastUpgradeCheck = 0820;
				ORGANIZATIONNAME = cuongpc;
				TargetAttributes = {
					44E45F361E630D8A00DF0FA7 = {
						CreatedOnToolsVersion = 8.2.1;
						DevelopmentTeam = 5DVT4T7E43;
						ProvisioningStyle = Automatic;
					};
				};
			};
			buildConfigurationList = 44E45F321E630D8A00DF0FA7 /* Build configuration list for PBXProject "TodoList" */;
			compatibilityVersion = "Xcode 3.2";
			developmentRegion = English;
			hasScannedForEncodings = 0;
			knownRegions = (
				en,
				Base,
			);
			mainGroup = 44E45F2E1E630D8A00DF0FA7;
			productRefGroup = 44E45F381E630D8A00DF0FA7 /* Products */;
			projectDirPath = "";
			projectRoot = "";
			targets = (
				44E45F361E630D8A00DF0FA7 /* TodoList */,
			);
		};
/* End PBXProject section */

/* Begin PBXResourcesBuildPhase section */
		44E45F351E630D8A00DF0FA7 /* Resources */ = {
			isa = PBXResourcesBuildPhase;
			buildActionMask = 2147483647;
			files = (
				44E45F481E630D8B00DF0FA7 /* LaunchScreen.storyboard in Resources */,
				44E45F451E630D8B00DF0FA7 /* Assets.xcassets in Resources */,
				44E45F401E630D8A00DF0FA7 /* Main.storyboard in Resources */,
			);
			runOnlyForDeploymentPostprocessing = 0;
		};
/* End PBXResourcesBuildPhase section */

/* Begin PBXSourcesBuildPhase section */
		44E45F331E630D8A00DF0FA7 /* Sources */ = {
			isa = PBXSourcesBuildPhase;
			buildActionMask = 2147483647;
			files = (
				44E45F621E63DDE800DF0FA7 /* CoreDataStack.swift in Sources */,
				44E45F601E631C5300DF0FA7 /* Item+CoreDataProperties.swift in Sources */,
				44E45F5F1E631C5300DF0FA7 /* Item+CoreDataClass.swift in Sources */,
				449E92461E66418000C3541A /* DetailItem.swift in Sources */,
				449E92481E6641BE00C3541A /* DetailItemViewController.swift in Sources */,
				449E92441E66412D00C3541A /* DetailItem+CoreDataProperties.swift in Sources */,
				44E45F3B1E630D8A00DF0FA7 /* AppDelegate.swift in Sources */,
				44E45F431E630D8B00DF0FA7 /* TodoList.xcdatamodeld in Sources */,
				44E45F501E630E6800DF0FA7 /* TodoListTableViewController.swift in Sources */,
				44E45F5A1E63101300DF0FA7 /* ItemViewController.swift in Sources */,
			);
			runOnlyForDeploymentPostprocessing = 0;
		};
/* End PBXSourcesBuildPhase section */

/* Begin PBXVariantGroup section */
		44E45F3E1E630D8A00DF0FA7 /* Main.storyboard */ = {
			isa = PBXVariantGroup;
			children = (
				44E45F3F1E630D8A00DF0FA7 /* Base */,
			);
			name = Main.storyboard;
			sourceTree = "<group>";
		};
		44E45F461E630D8B00DF0FA7 /* LaunchScreen.storyboard */ = {
			isa = PBXVariantGroup;
			children = (
				44E45F471E630D8B00DF0FA7 /* Base */,
			);
			name = LaunchScreen.storyboard;
			sourceTree = "<group>";
		};
/* End PBXVariantGroup section */

/* Begin XCBuildConfiguration section */
		44E45F4A1E630D8B00DF0FA7 /* Debug */ = {
			isa = XCBuildConfiguration;
			buildSettings = {
				ALWAYS_SEARCH_USER_PATHS = NO;
				CLANG_ANALYZER_NONNULL = YES;
				CLANG_CXX_LANGUAGE_STANDARD = "gnu++0x";
				CLANG_CXX_LIBRARY = "libc++";
				CLANG_ENABLE_MODULES = YES;
				CLANG_ENABLE_OBJC_ARC = YES;
				CLANG_WARN_BOOL_CONVERSION = YES;
				CLANG_WARN_CONSTANT_CONVERSION = YES;
				CLANG_WARN_DIRECT_OBJC_ISA_USAGE = YES_ERROR;
				CLANG_WARN_DOCUMENTATION_COMMENTS = YES;
				CLANG_WARN_EMPTY_BODY = YES;
				CLANG_WARN_ENUM_CONVERSION = YES;
				CLANG_WARN_INFINITE_RECURSION = YES;
				CLANG_WARN_INT_CONVERSION = YES;
				CLANG_WARN_OBJC_ROOT_CLASS = YES_ERROR;
				CLANG_WARN_SUSPICIOUS_MOVE = YES;
				CLANG_WARN_UNREACHABLE_CODE = YES;
				CLANG_WARN__DUPLICATE_METHOD_MATCH = YES;
				"CODE_SIGN_IDENTITY[sdk=iphoneos*]" = "iPhone Developer";
				COPY_PHASE_STRIP = NO;
				DEBUG_INFORMATION_FORMAT = dwarf;
				ENABLE_STRICT_OBJC_MSGSEND = YES;
				ENABLE_TESTABILITY = YES;
				GCC_C_LANGUAGE_STANDARD = gnu99;
				GCC_DYNAMIC_NO_PIC = NO;
				GCC_NO_COMMON_BLOCKS = YES;
				GCC_OPTIMIZATION_LEVEL = 0;
				GCC_PREPROCESSOR_DEFINITIONS = (
					"DEBUG=1",
					"$(inherited)",
				);
				GCC_WARN_64_TO_32_BIT_CONVERSION = YES;
				GCC_WARN_ABOUT_RETURN_TYPE = YES_ERROR;
				GCC_WARN_UNDECLARED_SELECTOR = YES;
				GCC_WARN_UNINITIALIZED_AUTOS = YES_AGGRESSIVE;
				GCC_WARN_UNUSED_FUNCTION = YES;
				GCC_WARN_UNUSED_VARIABLE = YES;
				IPHONEOS_DEPLOYMENT_TARGET = 10.2;
				MTL_ENABLE_DEBUG_INFO = YES;
				ONLY_ACTIVE_ARCH = YES;
				SDKROOT = iphoneos;
				SWIFT_ACTIVE_COMPILATION_CONDITIONS = DEBUG;
				SWIFT_OPTIMIZATION_LEVEL = "-Onone";
			};
			name = Debug;
		};
		44E45F4B1E630D8B00DF0FA7 /* Release */ = {
			isa = XCBuildConfiguration;
			buildSettings = {
				ALWAYS_SEARCH_USER_PATHS = NO;
				CLANG_ANALYZER_NONNULL = YES;
				CLANG_CXX_LANGUAGE_STANDARD = "gnu++0x";
				CLANG_CXX_LIBRARY = "libc++";
				CLANG_ENABLE_MODULES = YES;
				CLANG_ENABLE_OBJC_ARC = YES;
				CLANG_WARN_BOOL_CONVERSION = YES;
				CLANG_WARN_CONSTANT_CONVERSION = YES;
				CLANG_WARN_DIRECT_OBJC_ISA_USAGE = YES_ERROR;
				CLANG_WARN_DOCUMENTATION_COMMENTS = YES;
				CLANG_WARN_EMPTY_BODY = YES;
				CLANG_WARN_ENUM_CONVERSION = YES;
				CLANG_WARN_INFINITE_RECURSION = YES;
				CLANG_WARN_INT_CONVERSION = YES;
				CLANG_WARN_OBJC_ROOT_CLASS = YES_ERROR;
				CLANG_WARN_SUSPICIOUS_MOVE = YES;
				CLANG_WARN_UNREACHABLE_CODE = YES;
				CLANG_WARN__DUPLICATE_METHOD_MATCH = YES;
				"CODE_SIGN_IDENTITY[sdk=iphoneos*]" = "iPhone Developer";
				COPY_PHASE_STRIP = NO;
				DEBUG_INFORMATION_FORMAT = "dwarf-with-dsym";
				ENABLE_NS_ASSERTIONS = NO;
				ENABLE_STRICT_OBJC_MSGSEND = YES;
				GCC_C_LANGUAGE_STANDARD = gnu99;
				GCC_NO_COMMON_BLOCKS = YES;
				GCC_WARN_64_TO_32_BIT_CONVERSION = YES;
				GCC_WARN_ABOUT_RETURN_TYPE = YES_ERROR;
				GCC_WARN_UNDECLARED_SELECTOR = YES;
				GCC_WARN_UNINITIALIZED_AUTOS = YES_AGGRESSIVE;
				GCC_WARN_UNUSED_FUNCTION = YES;
				GCC_WARN_UNUSED_VARIABLE = YES;
				IPHONEOS_DEPLOYMENT_TARGET = 10.2;
				MTL_ENABLE_DEBUG_INFO = NO;
				SDKROOT = iphoneos;
				SWIFT_OPTIMIZATION_LEVEL = "-Owholemodule";
				VALIDATE_PRODUCT = YES;
			};
			name = Release;
		};
		44E45F4D1E630D8B00DF0FA7 /* Debug */ = {
			isa = XCBuildConfiguration;
			buildSettings = {
				ASSETCATALOG_COMPILER_APPICON_NAME = AppIcon;
				DEVELOPMENT_TEAM = 5DVT4T7E43;
				INFOPLIST_FILE = TodoList/Info.plist;
				LD_RUNPATH_SEARCH_PATHS = "$(inherited) @executable_path/Frameworks";
				PRODUCT_BUNDLE_IDENTIFIER = cuongpc19.TodoList;
				PRODUCT_NAME = "$(TARGET_NAME)";
				SWIFT_VERSION = 3.0;
			};
			name = Debug;
		};
		44E45F4E1E630D8B00DF0FA7 /* Release */ = {
			isa = XCBuildConfiguration;
			buildSettings = {
				ASSETCATALOG_COMPILER_APPICON_NAME = AppIcon;
				DEVELOPMENT_TEAM = 5DVT4T7E43;
				INFOPLIST_FILE = TodoList/Info.plist;
				LD_RUNPATH_SEARCH_PATHS = "$(inherited) @executable_path/Frameworks";
				PRODUCT_BUNDLE_IDENTIFIER = cuongpc19.TodoList;
				PRODUCT_NAME = "$(TARGET_NAME)";
				SWIFT_VERSION = 3.0;
			};
			name = Release;
		};
/* End XCBuildConfiguration section */

/* Begin XCConfigurationList section */
		44E45F321E630D8A00DF0FA7 /* Build configuration list for PBXProject "TodoList" */ = {
			isa = XCConfigurationList;
			buildConfigurations = (
				44E45F4A1E630D8B00DF0FA7 /* Debug */,
				44E45F4B1E630D8B00DF0FA7 /* Release */,
			);
			defaultConfigurationIsVisible = 0;
			defaultConfigurationName = Release;
		};
		44E45F4C1E630D8B00DF0FA7 /* Build configuration list for PBXNativeTarget "TodoList" */ = {
			isa = XCConfigurationList;
			buildConfigurations = (
				44E45F4D1E630D8B00DF0FA7 /* Debug */,
				44E45F4E1E630D8B00DF0FA7 /* Release */,
			);
			defaultConfigurationIsVisible = 0;
			defaultConfigurationName = Release;
		};
/* End XCConfigurationList section */

/* Begin XCVersionGroup section */
		44E45F411E630D8A00DF0FA7 /* TodoList.xcdatamodeld */ = {
			isa = XCVersionGroup;
			children = (
				44E45F421E630D8A00DF0FA7 /* TodoList.xcdatamodel */,
			);
			currentVersion = 44E45F421E630D8A00DF0FA7 /* TodoList.xcdatamodel */;
			path = TodoList.xcdatamodeld;
			sourceTree = "<group>";
			versionGroupType = wrapper.xcdatamodel;
		};
/* End XCVersionGroup section */
	};
	rootObject = 44E45F2F1E630D8A00DF0FA7 /* Project object */;
}
